PODS:
  - MJRefresh (3.1.12)
  - SDAutoLayout (2.2.0)

DEPENDENCIES:
  - MJRefresh
  - SDAutoLayout

SPEC CHECKSUMS:
  MJRefresh: b96cdb21c4aa75a7b07654311ab2f315c497e806
  SDAutoLayout: c5509e77ae75735d9a39f7bc83dba6d3f75d49d8

PODFILE CHECKSUM: 12edbe96ab5930f84c928c9276d4fb3613439b70

COCOAPODS: 1.2.1
