PODS:
  - Alamofire (4.5.0)
  - MJRefresh (3.1.12)
  - SDAutoLayout (2.2.0)
  - SDCycleScrollView (1.73):
    - SDWebImage (~> 4.0.0)
  - SDWebImage (4.0.0):
    - SDWebImage/Core (= 4.0.0)
  - SDWebImage/Core (4.0.0)
  - YYModel (1.0.4)

DEPENDENCIES:
  - Alamofire
  - MJRefresh
  - SDAutoLayout
  - SDCycleScrollView
  - YYModel

SPEC REPOS:
  https://github.com/CocoaPods/Specs.git:
    - Alamofire
    - MJRefresh
    - SDAutoLayout
    - SDCycleScrollView
    - SDWebImage
    - YYModel

SPEC CHECKSUMS:
  Alamofire: f28cdffd29de33a7bfa022cbd63ae95a27fae140
  MJRefresh: b96cdb21c4aa75a7b07654311ab2f315c497e806
  SDAutoLayout: c5509e77ae75735d9a39f7bc83dba6d3f75d49d8
  SDCycleScrollView: d0fd5fe40a80918371fd8939214eb3be81033d83
  SDWebImage: 76a6348bdc74eb5a55dd08a091ef298e56b55e41
  YYModel: 2a7fdd96aaa4b86a824e26d0c517de8928c04b30

PODFILE CHECKSUM: 3b12e41c8824e1479a76597d1139b878f013b73d

COCOAPODS: 1.5.0.beta.1
