// !$*UTF8*$!
{
	archiveVersion = 1;
	classes = {
	};
	objectVersion = 46;
	objects = {

/* Begin PBXBuildFile section */
		1C2C901220898952008F0580 /* SnpKitDemoVC2.swift in Sources */ = {isa = PBXBuildFile; fileRef = 1C2C901120898952008F0580 /* SnpKitDemoVC2.swift */; };
		1C2C90142089896B008F0580 /* SnpKit_DemoVC_2_Cell.swift in Sources */ = {isa = PBXBuildFile; fileRef = 1C2C90132089896B008F0580 /* SnpKit_DemoVC_2_Cell.swift */; };
		1C2C901620898A76008F0580 /* SnpKitDemoVC2ViewModel.swift in Sources */ = {isa = PBXBuildFile; fileRef = 1C2C901520898A76008F0580 /* SnpKitDemoVC2ViewModel.swift */; };
		1C2C90192089D1BB008F0580 /* FPSLabel.swift in Sources */ = {isa = PBXBuildFile; fileRef = 1C2C90182089D1BB008F0580 /* FPSLabel.swift */; };
		1C2FFD881F95FD8E00CAF9B4 /* ThreeFourthCell.swift in Sources */ = {isa = PBXBuildFile; fileRef = 1C2FFD871F95FD8E00CAF9B4 /* ThreeFourthCell.swift */; };
		1C2FFD8A1F9609BB00CAF9B4 /* ThreeSecondCell.swift in Sources */ = {isa = PBXBuildFile; fileRef = 1C2FFD891F9609BB00CAF9B4 /* ThreeSecondCell.swift */; };
		1C2FFD8C1F96F65300CAF9B4 /* ThreeThirdCell.swift in Sources */ = {isa = PBXBuildFile; fileRef = 1C2FFD8B1F96F65300CAF9B4 /* ThreeThirdCell.swift */; };
		1C2FFD911F97295500CAF9B4 /* DemoVC11.swift in Sources */ = {isa = PBXBuildFile; fileRef = 1C2FFD901F97295500CAF9B4 /* DemoVC11.swift */; };
		1C2FFD931F97298700CAF9B4 /* SDChatModel.swift in Sources */ = {isa = PBXBuildFile; fileRef = 1C2FFD921F97298700CAF9B4 /* SDChatModel.swift */; };
		1C2FFD951F972CAC00CAF9B4 /* SDAnalogDataGenerator.swift in Sources */ = {isa = PBXBuildFile; fileRef = 1C2FFD941F972CAC00CAF9B4 /* SDAnalogDataGenerator.swift */; };
		1C2FFD971F97315700CAF9B4 /* SDChatTableViewCell.swift in Sources */ = {isa = PBXBuildFile; fileRef = 1C2FFD961F97315700CAF9B4 /* SDChatTableViewCell.swift */; };
		1C39568B1F948C3800CF89B2 /* DemoVC8.swift in Sources */ = {isa = PBXBuildFile; fileRef = 1C39568A1F948C3800CF89B2 /* DemoVC8.swift */; };
		1C39568E1F94955300CF89B2 /* DemoVC10.swift in Sources */ = {isa = PBXBuildFile; fileRef = 1C39568D1F94955300CF89B2 /* DemoVC10.swift */; };
		1C426C441F6A523000E40164 /* MainViewController.swift in Sources */ = {isa = PBXBuildFile; fileRef = 1C426C431F6A523000E40164 /* MainViewController.swift */; };
		1C45ECBB1F72852300C7E2B9 /* DemoVC5.swift in Sources */ = {isa = PBXBuildFile; fileRef = 1C45ECBA1F72852300C7E2B9 /* DemoVC5.swift */; };
		1C45ECBF1F72855400C7E2B9 /* DemoVC3.swift in Sources */ = {isa = PBXBuildFile; fileRef = 1C45ECBD1F72855400C7E2B9 /* DemoVC3.swift */; };
		1C45ECC01F72855400C7E2B9 /* TestCell2.swift in Sources */ = {isa = PBXBuildFile; fileRef = 1C45ECBE1F72855400C7E2B9 /* TestCell2.swift */; };
		1C45ECC31F72856D00C7E2B9 /* DemoVC4.swift in Sources */ = {isa = PBXBuildFile; fileRef = 1C45ECC21F72856D00C7E2B9 /* DemoVC4.swift */; };
		1C45ECC61F72858600C7E2B9 /* DemoVC2.swift in Sources */ = {isa = PBXBuildFile; fileRef = 1C45ECC51F72858600C7E2B9 /* DemoVC2.swift */; };
		1C45ECC91F7285A200C7E2B9 /* DemoVC1.swift in Sources */ = {isa = PBXBuildFile; fileRef = 1C45ECC81F7285A200C7E2B9 /* DemoVC1.swift */; };
		1C45ECCC1F7285C600C7E2B9 /* DemoVC0.swift in Sources */ = {isa = PBXBuildFile; fileRef = 1C45ECCB1F7285C600C7E2B9 /* DemoVC0.swift */; };
		1C45ECCF1F7286D900C7E2B9 /* DemoVC6.swift in Sources */ = {isa = PBXBuildFile; fileRef = 1C45ECCE1F7286D900C7E2B9 /* DemoVC6.swift */; };
		1C45ECD11F7286F900C7E2B9 /* DemoVC5Model.swift in Sources */ = {isa = PBXBuildFile; fileRef = 1C45ECD01F7286F900C7E2B9 /* DemoVC5Model.swift */; };
		1C45ECD31F72876400C7E2B9 /* DemoVC5TableViewCell.swift in Sources */ = {isa = PBXBuildFile; fileRef = 1C45ECD21F72876400C7E2B9 /* DemoVC5TableViewCell.swift */; };
		1C5C66802088912C003003C9 /* SnpKitDemoVC1.swift in Sources */ = {isa = PBXBuildFile; fileRef = 1C5C667F2088912C003003C9 /* SnpKitDemoVC1.swift */; };
		1C5C6682208891B2003003C9 /* SnpKitDemoVC1ViewModel.swift in Sources */ = {isa = PBXBuildFile; fileRef = 1C5C6681208891B2003003C9 /* SnpKitDemoVC1ViewModel.swift */; };
		1C5C6684208892C5003003C9 /* SnpKit_DemoVC_1_Cell.swift in Sources */ = {isa = PBXBuildFile; fileRef = 1C5C6683208892C5003003C9 /* SnpKit_DemoVC_1_Cell.swift */; };
		1C5C668620889B24003003C9 /* Array+Extension.swift in Sources */ = {isa = PBXBuildFile; fileRef = 1C5C668520889B24003003C9 /* Array+Extension.swift */; };
		1C8778761F94A057004BCD6A /* ThreeModel.swift in Sources */ = {isa = PBXBuildFile; fileRef = 1C8778751F94A057004BCD6A /* ThreeModel.swift */; };
		1C8778781F94B21D004BCD6A /* wangyi.json in Resources */ = {isa = PBXBuildFile; fileRef = 1C8778771F94B21D004BCD6A /* wangyi.json */; };
		1C87787A1F94B837004BCD6A /* GGG.swift in Sources */ = {isa = PBXBuildFile; fileRef = 1C8778791F94B837004BCD6A /* GGG.swift */; };
		1C87787D1F94BC4E004BCD6A /* ThreeBaseCell.swift in Sources */ = {isa = PBXBuildFile; fileRef = 1C87787C1F94BC4E004BCD6A /* ThreeBaseCell.swift */; };
		1C87787F1F94BD98004BCD6A /* ThreeFirstCell.swift in Sources */ = {isa = PBXBuildFile; fileRef = 1C87787E1F94BD98004BCD6A /* ThreeFirstCell.swift */; };
		1C9993C820882BA70091D293 /* SnapKitDemoTableViewController.swift in Sources */ = {isa = PBXBuildFile; fileRef = 1C9993C720882BA70091D293 /* SnapKitDemoTableViewController.swift */; };
		1C9993CD208837180091D293 /* SnpKitDemoVC0.swift in Sources */ = {isa = PBXBuildFile; fileRef = 1C9993CC208837180091D293 /* SnpKitDemoVC0.swift */; };
		1C9993CF208837A50091D293 /* EFPAFamilyCell.swift in Sources */ = {isa = PBXBuildFile; fileRef = 1C9993CE208837A50091D293 /* EFPAFamilyCell.swift */; };
		1C9993D12088397E0091D293 /* UILabel+Extensions.swift in Sources */ = {isa = PBXBuildFile; fileRef = 1C9993D02088397E0091D293 /* UILabel+Extensions.swift */; };
		1C9993D320883DD60091D293 /* SnpKitDemoVC0ViewModel.swift in Sources */ = {isa = PBXBuildFile; fileRef = 1C9993D220883DD60091D293 /* SnpKitDemoVC0ViewModel.swift */; };
		1C9993D7208850F70091D293 /* UIColor+Extension.swift in Sources */ = {isa = PBXBuildFile; fileRef = 1C9993D6208850F70091D293 /* UIColor+Extension.swift */; };
		1CB0B2631F347FE000A4B698 /* AppDelegate.swift in Sources */ = {isa = PBXBuildFile; fileRef = 1CB0B2621F347FE000A4B698 /* AppDelegate.swift */; };
		1CB0B2651F347FE000A4B698 /* ViewController.swift in Sources */ = {isa = PBXBuildFile; fileRef = 1CB0B2641F347FE000A4B698 /* ViewController.swift */; };
		1CB0B2681F347FE000A4B698 /* Main.storyboard in Resources */ = {isa = PBXBuildFile; fileRef = 1CB0B2661F347FE000A4B698 /* Main.storyboard */; };
		1CB0B26A1F347FE000A4B698 /* Assets.xcassets in Resources */ = {isa = PBXBuildFile; fileRef = 1CB0B2691F347FE000A4B698 /* Assets.xcassets */; };
		1CB0B26D1F347FE000A4B698 /* LaunchScreen.storyboard in Resources */ = {isa = PBXBuildFile; fileRef = 1CB0B26B1F347FE000A4B698 /* LaunchScreen.storyboard */; };
		1CC2C2201F6A58CA005964C7 /* ViewControllerButtonList.swift in Sources */ = {isa = PBXBuildFile; fileRef = 1CC2C21F1F6A58CA005964C7 /* ViewControllerButtonList.swift */; };
		1CC2C2231F6A5FB4005964C7 /* Bundle+Extension.swift in Sources */ = {isa = PBXBuildFile; fileRef = 1CC2C2221F6A5FB4005964C7 /* Bundle+Extension.swift */; };
		1CC2C2251F6A6563005964C7 /* VCImageButton.swift in Sources */ = {isa = PBXBuildFile; fileRef = 1CC2C2241F6A6563005964C7 /* VCImageButton.swift */; };
		1CC2C2271F6A6B45005964C7 /* VCUnderLineButton.swift in Sources */ = {isa = PBXBuildFile; fileRef = 1CC2C2261F6A6B45005964C7 /* VCUnderLineButton.swift */; };
		1CC2C22A1F6A6D31005964C7 /* VCAutoSizeLabel.swift in Sources */ = {isa = PBXBuildFile; fileRef = 1CC2C2291F6A6D31005964C7 /* VCAutoSizeLabel.swift */; };
		1CC2C22C1F6A6DDA005964C7 /* ViewControllerLabelList.swift in Sources */ = {isa = PBXBuildFile; fileRef = 1CC2C22B1F6A6DDA005964C7 /* ViewControllerLabelList.swift */; };
		1CC2C22E1F6A791B005964C7 /* UIView+Extension.swift in Sources */ = {isa = PBXBuildFile; fileRef = 1CC2C22D1F6A791B005964C7 /* UIView+Extension.swift */; };
		1CC2C2341F6B8189005964C7 /* ViewsViewController.swift in Sources */ = {isa = PBXBuildFile; fileRef = 1CC2C2331F6B8189005964C7 /* ViewsViewController.swift */; };
		1CC2C2381F6B84C5005964C7 /* GSDPracticeTableViewController.swift in Sources */ = {isa = PBXBuildFile; fileRef = 1CC2C2371F6B84C5005964C7 /* GSDPracticeTableViewController.swift */; };
		1CC2C26F1F6BB1C1005964C7 /* 0.jpg in Resources */ = {isa = PBXBuildFile; fileRef = 1CC2C23F1F6BB1C1005964C7 /* 0.jpg */; };
		1CC2C2701F6BB1C1005964C7 /* 1.jpg in Resources */ = {isa = PBXBuildFile; fileRef = 1CC2C2401F6BB1C1005964C7 /* 1.jpg */; };
		1CC2C2711F6BB1C1005964C7 /* 10.jpg in Resources */ = {isa = PBXBuildFile; fileRef = 1CC2C2411F6BB1C1005964C7 /* 10.jpg */; };
		1CC2C2721F6BB1C1005964C7 /* 11.jpg in Resources */ = {isa = PBXBuildFile; fileRef = 1CC2C2421F6BB1C1005964C7 /* 11.jpg */; };
		1CC2C2731F6BB1C1005964C7 /* 12.jpg in Resources */ = {isa = PBXBuildFile; fileRef = 1CC2C2431F6BB1C1005964C7 /* 12.jpg */; };
		1CC2C2741F6BB1C1005964C7 /* 13.jpg in Resources */ = {isa = PBXBuildFile; fileRef = 1CC2C2441F6BB1C1005964C7 /* 13.jpg */; };
		1CC2C2751F6BB1C1005964C7 /* 14.jpg in Resources */ = {isa = PBXBuildFile; fileRef = 1CC2C2451F6BB1C1005964C7 /* 14.jpg */; };
		1CC2C2761F6BB1C1005964C7 /* 15.jpg in Resources */ = {isa = PBXBuildFile; fileRef = 1CC2C2461F6BB1C1005964C7 /* 15.jpg */; };
		1CC2C2771F6BB1C1005964C7 /* 16.jpg in Resources */ = {isa = PBXBuildFile; fileRef = 1CC2C2471F6BB1C1005964C7 /* 16.jpg */; };
		1CC2C2781F6BB1C1005964C7 /* 17.jpg in Resources */ = {isa = PBXBuildFile; fileRef = 1CC2C2481F6BB1C1005964C7 /* 17.jpg */; };
		1CC2C2791F6BB1C1005964C7 /* 18.jpg in Resources */ = {isa = PBXBuildFile; fileRef = 1CC2C2491F6BB1C1005964C7 /* 18.jpg */; };
		1CC2C27A1F6BB1C1005964C7 /* 19.jpg in Resources */ = {isa = PBXBuildFile; fileRef = 1CC2C24A1F6BB1C1005964C7 /* 19.jpg */; };
		1CC2C27B1F6BB1C1005964C7 /* 2.jpg in Resources */ = {isa = PBXBuildFile; fileRef = 1CC2C24B1F6BB1C1005964C7 /* 2.jpg */; };
		1CC2C27C1F6BB1C1005964C7 /* 20.jpg in Resources */ = {isa = PBXBuildFile; fileRef = 1CC2C24C1F6BB1C1005964C7 /* 20.jpg */; };
		1CC2C27D1F6BB1C1005964C7 /* 21.jpg in Resources */ = {isa = PBXBuildFile; fileRef = 1CC2C24D1F6BB1C1005964C7 /* 21.jpg */; };
		1CC2C27E1F6BB1C1005964C7 /* 22.jpg in Resources */ = {isa = PBXBuildFile; fileRef = 1CC2C24E1F6BB1C1005964C7 /* 22.jpg */; };
		1CC2C27F1F6BB1C1005964C7 /* 23.jpg in Resources */ = {isa = PBXBuildFile; fileRef = 1CC2C24F1F6BB1C1005964C7 /* 23.jpg */; };
		1CC2C2801F6BB1C1005964C7 /* 3.jpg in Resources */ = {isa = PBXBuildFile; fileRef = 1CC2C2501F6BB1C1005964C7 /* 3.jpg */; };
		1CC2C2811F6BB1C1005964C7 /* 4.jpg in Resources */ = {isa = PBXBuildFile; fileRef = 1CC2C2511F6BB1C1005964C7 /* 4.jpg */; };
		1CC2C2821F6BB1C1005964C7 /* 5.jpg in Resources */ = {isa = PBXBuildFile; fileRef = 1CC2C2521F6BB1C1005964C7 /* 5.jpg */; };
		1CC2C2831F6BB1C1005964C7 /* 6.jpg in Resources */ = {isa = PBXBuildFile; fileRef = 1CC2C2531F6BB1C1005964C7 /* 6.jpg */; };
		1CC2C2841F6BB1C1005964C7 /* 7.jpg in Resources */ = {isa = PBXBuildFile; fileRef = 1CC2C2541F6BB1C1005964C7 /* 7.jpg */; };
		1CC2C2851F6BB1C1005964C7 /* 8.jpg in Resources */ = {isa = PBXBuildFile; fileRef = 1CC2C2551F6BB1C1005964C7 /* 8.jpg */; };
		1CC2C2861F6BB1C1005964C7 /* 9.jpg in Resources */ = {isa = PBXBuildFile; fileRef = 1CC2C2561F6BB1C1005964C7 /* 9.jpg */; };
		1CC2C2871F6BB1C1005964C7 /* Discover.xcassets in Resources */ = {isa = PBXBuildFile; fileRef = 1CC2C2571F6BB1C1005964C7 /* Discover.xcassets */; };
		1CC2C2881F6BB1C1005964C7 /* Home.xcassets in Resources */ = {isa = PBXBuildFile; fileRef = 1CC2C2581F6BB1C1005964C7 /* Home.xcassets */; };
		1CC2C2891F6BB1C1005964C7 /* icon0.jpg in Resources */ = {isa = PBXBuildFile; fileRef = 1CC2C2591F6BB1C1005964C7 /* icon0.jpg */; };
		1CC2C28A1F6BB1C1005964C7 /* icon1.jpg in Resources */ = {isa = PBXBuildFile; fileRef = 1CC2C25A1F6BB1C1005964C7 /* icon1.jpg */; };
		1CC2C28B1F6BB1C1005964C7 /* icon2.jpg in Resources */ = {isa = PBXBuildFile; fileRef = 1CC2C25B1F6BB1C1005964C7 /* icon2.jpg */; };
		1CC2C28C1F6BB1C1005964C7 /* icon3.jpg in Resources */ = {isa = PBXBuildFile; fileRef = 1CC2C25C1F6BB1C1005964C7 /* icon3.jpg */; };
		1CC2C28D1F6BB1C1005964C7 /* icon4.jpg in Resources */ = {isa = PBXBuildFile; fileRef = 1CC2C25D1F6BB1C1005964C7 /* icon4.jpg */; };
		1CC2C28E1F6BB1C1005964C7 /* pbg.jpg in Resources */ = {isa = PBXBuildFile; fileRef = 1CC2C25E1F6BB1C1005964C7 /* pbg.jpg */; };
		1CC2C28F1F6BB1C1005964C7 /* pic0.jpg in Resources */ = {isa = PBXBuildFile; fileRef = 1CC2C25F1F6BB1C1005964C7 /* pic0.jpg */; };
		1CC2C2901F6BB1C1005964C7 /* pic1.jpg in Resources */ = {isa = PBXBuildFile; fileRef = 1CC2C2601F6BB1C1005964C7 /* pic1.jpg */; };
		1CC2C2911F6BB1C1005964C7 /* pic2.jpg in Resources */ = {isa = PBXBuildFile; fileRef = 1CC2C2611F6BB1C1005964C7 /* pic2.jpg */; };
		1CC2C2921F6BB1C1005964C7 /* pic3.jpg in Resources */ = {isa = PBXBuildFile; fileRef = 1CC2C2621F6BB1C1005964C7 /* pic3.jpg */; };
		1CC2C2931F6BB1C1005964C7 /* pic4.jpg in Resources */ = {isa = PBXBuildFile; fileRef = 1CC2C2631F6BB1C1005964C7 /* pic4.jpg */; };
		1CC2C2941F6BB1C1005964C7 /* pic5.jpg in Resources */ = {isa = PBXBuildFile; fileRef = 1CC2C2641F6BB1C1005964C7 /* pic5.jpg */; };
		1CC2C2951F6BB1C1005964C7 /* pic6.jpg in Resources */ = {isa = PBXBuildFile; fileRef = 1CC2C2651F6BB1C1005964C7 /* pic6.jpg */; };
		1CC2C2961F6BB1C1005964C7 /* pic7.jpg in Resources */ = {isa = PBXBuildFile; fileRef = 1CC2C2661F6BB1C1005964C7 /* pic7.jpg */; };
		1CC2C2971F6BB1C1005964C7 /* pic8.jpg in Resources */ = {isa = PBXBuildFile; fileRef = 1CC2C2671F6BB1C1005964C7 /* pic8.jpg */; };
		1CC2C2981F6BB1C1005964C7 /* picon.jpg in Resources */ = {isa = PBXBuildFile; fileRef = 1CC2C2681F6BB1C1005964C7 /* picon.jpg */; };
		1CC2C2991F6BB1C1005964C7 /* test0.jpg in Resources */ = {isa = PBXBuildFile; fileRef = 1CC2C26A1F6BB1C1005964C7 /* test0.jpg */; };
		1CC2C29A1F6BB1C1005964C7 /* test1.jpg in Resources */ = {isa = PBXBuildFile; fileRef = 1CC2C26B1F6BB1C1005964C7 /* test1.jpg */; };
		1CC2C29B1F6BB1C1005964C7 /* test2.jpg in Resources */ = {isa = PBXBuildFile; fileRef = 1CC2C26C1F6BB1C1005964C7 /* test2.jpg */; };
		1CC2C29C1F6BB1C1005964C7 /* test3.jpg in Resources */ = {isa = PBXBuildFile; fileRef = 1CC2C26D1F6BB1C1005964C7 /* test3.jpg */; };
		1CC2C29D1F6BB1C1005964C7 /* test4.jpg in Resources */ = {isa = PBXBuildFile; fileRef = 1CC2C26E1F6BB1C1005964C7 /* test4.jpg */; };
		1CC996EA1F74A2B500EE3EC7 /* DemoVC7.swift in Sources */ = {isa = PBXBuildFile; fileRef = 1CC996E91F74A2B500EE3EC7 /* DemoVC7.swift */; };
		1CC996EC1F74A7FC00EE3EC7 /* DemoVC7Model.swift in Sources */ = {isa = PBXBuildFile; fileRef = 1CC996EB1F74A7FC00EE3EC7 /* DemoVC7Model.swift */; };
		1CC996EE1F74A88600EE3EC7 /* DemoVC7Cell1.swift in Sources */ = {isa = PBXBuildFile; fileRef = 1CC996ED1F74A88600EE3EC7 /* DemoVC7Cell1.swift */; };
		1CC996F01F74A89400EE3EC7 /* DemoVC7Cell2.swift in Sources */ = {isa = PBXBuildFile; fileRef = 1CC996EF1F74A89400EE3EC7 /* DemoVC7Cell2.swift */; };
		DB7EA02DD6916D3B03233F0B /* Pods_AutoLayout.framework in Frameworks */ = {isa = PBXBuildFile; fileRef = 9A168A1994EEFF0DEB6575DE /* Pods_AutoLayout.framework */; };
/* End PBXBuildFile section */

/* Begin PBXFileReference section */
		0805AB4D7A682BEF064B8855 /* Pods-AutoLayout.debug.xcconfig */ = {isa = PBXFileReference; includeInIndex = 1; lastKnownFileType = text.xcconfig; name = "Pods-AutoLayout.debug.xcconfig"; path = "Pods/Target Support Files/Pods-AutoLayout/Pods-AutoLayout.debug.xcconfig"; sourceTree = "<group>"; };
		1C2C901120898952008F0580 /* SnpKitDemoVC2.swift */ = {isa = PBXFileReference; lastKnownFileType = sourcecode.swift; path = SnpKitDemoVC2.swift; sourceTree = "<group>"; };
		1C2C90132089896B008F0580 /* SnpKit_DemoVC_2_Cell.swift */ = {isa = PBXFileReference; lastKnownFileType = sourcecode.swift; path = SnpKit_DemoVC_2_Cell.swift; sourceTree = "<group>"; };
		1C2C901520898A76008F0580 /* SnpKitDemoVC2ViewModel.swift */ = {isa = PBXFileReference; lastKnownFileType = sourcecode.swift; path = SnpKitDemoVC2ViewModel.swift; sourceTree = "<group>"; };
		1C2C90182089D1BB008F0580 /* FPSLabel.swift */ = {isa = PBXFileReference; lastKnownFileType = sourcecode.swift; path = FPSLabel.swift; sourceTree = "<group>"; };
		1C2FFD871F95FD8E00CAF9B4 /* ThreeFourthCell.swift */ = {isa = PBXFileReference; lastKnownFileType = sourcecode.swift; path = ThreeFourthCell.swift; sourceTree = "<group>"; };
		1C2FFD891F9609BB00CAF9B4 /* ThreeSecondCell.swift */ = {isa = PBXFileReference; lastKnownFileType = sourcecode.swift; path = ThreeSecondCell.swift; sourceTree = "<group>"; };
		1C2FFD8B1F96F65300CAF9B4 /* ThreeThirdCell.swift */ = {isa = PBXFileReference; lastKnownFileType = sourcecode.swift; path = ThreeThirdCell.swift; sourceTree = "<group>"; };
		1C2FFD901F97295500CAF9B4 /* DemoVC11.swift */ = {isa = PBXFileReference; lastKnownFileType = sourcecode.swift; path = DemoVC11.swift; sourceTree = "<group>"; };
		1C2FFD921F97298700CAF9B4 /* SDChatModel.swift */ = {isa = PBXFileReference; lastKnownFileType = sourcecode.swift; path = SDChatModel.swift; sourceTree = "<group>"; };
		1C2FFD941F972CAC00CAF9B4 /* SDAnalogDataGenerator.swift */ = {isa = PBXFileReference; lastKnownFileType = sourcecode.swift; path = SDAnalogDataGenerator.swift; sourceTree = "<group>"; };
		1C2FFD961F97315700CAF9B4 /* SDChatTableViewCell.swift */ = {isa = PBXFileReference; lastKnownFileType = sourcecode.swift; path = SDChatTableViewCell.swift; sourceTree = "<group>"; };
		1C39568A1F948C3800CF89B2 /* DemoVC8.swift */ = {isa = PBXFileReference; lastKnownFileType = sourcecode.swift; path = DemoVC8.swift; sourceTree = "<group>"; };
		1C39568D1F94955300CF89B2 /* DemoVC10.swift */ = {isa = PBXFileReference; lastKnownFileType = sourcecode.swift; path = DemoVC10.swift; sourceTree = "<group>"; };
		1C426C431F6A523000E40164 /* MainViewController.swift */ = {isa = PBXFileReference; fileEncoding = 4; lastKnownFileType = sourcecode.swift; path = MainViewController.swift; sourceTree = "<group>"; };
		1C45ECBA1F72852300C7E2B9 /* DemoVC5.swift */ = {isa = PBXFileReference; fileEncoding = 4; lastKnownFileType = sourcecode.swift; path = DemoVC5.swift; sourceTree = "<group>"; };
		1C45ECBD1F72855400C7E2B9 /* DemoVC3.swift */ = {isa = PBXFileReference; fileEncoding = 4; lastKnownFileType = sourcecode.swift; path = DemoVC3.swift; sourceTree = "<group>"; };
		1C45ECBE1F72855400C7E2B9 /* TestCell2.swift */ = {isa = PBXFileReference; fileEncoding = 4; lastKnownFileType = sourcecode.swift; path = TestCell2.swift; sourceTree = "<group>"; };
		1C45ECC21F72856D00C7E2B9 /* DemoVC4.swift */ = {isa = PBXFileReference; fileEncoding = 4; lastKnownFileType = sourcecode.swift; path = DemoVC4.swift; sourceTree = "<group>"; };
		1C45ECC51F72858600C7E2B9 /* DemoVC2.swift */ = {isa = PBXFileReference; fileEncoding = 4; lastKnownFileType = sourcecode.swift; path = DemoVC2.swift; sourceTree = "<group>"; };
		1C45ECC81F7285A200C7E2B9 /* DemoVC1.swift */ = {isa = PBXFileReference; fileEncoding = 4; lastKnownFileType = sourcecode.swift; path = DemoVC1.swift; sourceTree = "<group>"; };
		1C45ECCB1F7285C600C7E2B9 /* DemoVC0.swift */ = {isa = PBXFileReference; fileEncoding = 4; lastKnownFileType = sourcecode.swift; path = DemoVC0.swift; sourceTree = "<group>"; };
		1C45ECCE1F7286D900C7E2B9 /* DemoVC6.swift */ = {isa = PBXFileReference; fileEncoding = 4; lastKnownFileType = sourcecode.swift; path = DemoVC6.swift; sourceTree = "<group>"; };
		1C45ECD01F7286F900C7E2B9 /* DemoVC5Model.swift */ = {isa = PBXFileReference; fileEncoding = 4; lastKnownFileType = sourcecode.swift; path = DemoVC5Model.swift; sourceTree = "<group>"; };
		1C45ECD21F72876400C7E2B9 /* DemoVC5TableViewCell.swift */ = {isa = PBXFileReference; fileEncoding = 4; lastKnownFileType = sourcecode.swift; path = DemoVC5TableViewCell.swift; sourceTree = "<group>"; };
		1C5C667F2088912C003003C9 /* SnpKitDemoVC1.swift */ = {isa = PBXFileReference; lastKnownFileType = sourcecode.swift; path = SnpKitDemoVC1.swift; sourceTree = "<group>"; };
		1C5C6681208891B2003003C9 /* SnpKitDemoVC1ViewModel.swift */ = {isa = PBXFileReference; lastKnownFileType = sourcecode.swift; path = SnpKitDemoVC1ViewModel.swift; sourceTree = "<group>"; };
		1C5C6683208892C5003003C9 /* SnpKit_DemoVC_1_Cell.swift */ = {isa = PBXFileReference; lastKnownFileType = sourcecode.swift; path = SnpKit_DemoVC_1_Cell.swift; sourceTree = "<group>"; };
		1C5C668520889B24003003C9 /* Array+Extension.swift */ = {isa = PBXFileReference; lastKnownFileType = sourcecode.swift; path = "Array+Extension.swift"; sourceTree = "<group>"; };
		1C8778751F94A057004BCD6A /* ThreeModel.swift */ = {isa = PBXFileReference; lastKnownFileType = sourcecode.swift; path = ThreeModel.swift; sourceTree = "<group>"; };
		1C8778771F94B21D004BCD6A /* wangyi.json */ = {isa = PBXFileReference; lastKnownFileType = text.json; path = wangyi.json; sourceTree = "<group>"; };
		1C8778791F94B837004BCD6A /* GGG.swift */ = {isa = PBXFileReference; lastKnownFileType = sourcecode.swift; path = GGG.swift; sourceTree = "<group>"; };
		1C87787C1F94BC4E004BCD6A /* ThreeBaseCell.swift */ = {isa = PBXFileReference; lastKnownFileType = sourcecode.swift; path = ThreeBaseCell.swift; sourceTree = "<group>"; };
		1C87787E1F94BD98004BCD6A /* ThreeFirstCell.swift */ = {isa = PBXFileReference; lastKnownFileType = sourcecode.swift; path = ThreeFirstCell.swift; sourceTree = "<group>"; };
		1C9993C720882BA70091D293 /* SnapKitDemoTableViewController.swift */ = {isa = PBXFileReference; lastKnownFileType = sourcecode.swift; path = SnapKitDemoTableViewController.swift; sourceTree = "<group>"; };
		1C9993CC208837180091D293 /* SnpKitDemoVC0.swift */ = {isa = PBXFileReference; lastKnownFileType = sourcecode.swift; path = SnpKitDemoVC0.swift; sourceTree = "<group>"; };
		1C9993CE208837A50091D293 /* EFPAFamilyCell.swift */ = {isa = PBXFileReference; fileEncoding = 4; lastKnownFileType = sourcecode.swift; path = EFPAFamilyCell.swift; sourceTree = "<group>"; };
		1C9993D02088397E0091D293 /* UILabel+Extensions.swift */ = {isa = PBXFileReference; fileEncoding = 4; lastKnownFileType = sourcecode.swift; path = "UILabel+Extensions.swift"; sourceTree = "<group>"; };
		1C9993D220883DD60091D293 /* SnpKitDemoVC0ViewModel.swift */ = {isa = PBXFileReference; lastKnownFileType = sourcecode.swift; path = SnpKitDemoVC0ViewModel.swift; sourceTree = "<group>"; };
		1C9993D6208850F70091D293 /* UIColor+Extension.swift */ = {isa = PBXFileReference; fileEncoding = 4; lastKnownFileType = sourcecode.swift; path = "UIColor+Extension.swift"; sourceTree = "<group>"; };
		1CB0B25F1F347FE000A4B698 /* AutoLayout.app */ = {isa = PBXFileReference; explicitFileType = wrapper.application; includeInIndex = 0; path = AutoLayout.app; sourceTree = BUILT_PRODUCTS_DIR; };
		1CB0B2621F347FE000A4B698 /* AppDelegate.swift */ = {isa = PBXFileReference; lastKnownFileType = sourcecode.swift; path = AppDelegate.swift; sourceTree = "<group>"; };
		1CB0B2641F347FE000A4B698 /* ViewController.swift */ = {isa = PBXFileReference; lastKnownFileType = sourcecode.swift; path = ViewController.swift; sourceTree = "<group>"; };
		1CB0B2671F347FE000A4B698 /* Base */ = {isa = PBXFileReference; lastKnownFileType = file.storyboard; name = Base; path = Base.lproj/Main.storyboard; sourceTree = "<group>"; };
		1CB0B2691F347FE000A4B698 /* Assets.xcassets */ = {isa = PBXFileReference; lastKnownFileType = folder.assetcatalog; path = Assets.xcassets; sourceTree = "<group>"; };
		1CB0B26C1F347FE000A4B698 /* Base */ = {isa = PBXFileReference; lastKnownFileType = file.storyboard; name = Base; path = Base.lproj/LaunchScreen.storyboard; sourceTree = "<group>"; };
		1CB0B26E1F347FE000A4B698 /* Info.plist */ = {isa = PBXFileReference; lastKnownFileType = text.plist.xml; path = Info.plist; sourceTree = "<group>"; };
		1CC2C21F1F6A58CA005964C7 /* ViewControllerButtonList.swift */ = {isa = PBXFileReference; fileEncoding = 4; lastKnownFileType = sourcecode.swift; path = ViewControllerButtonList.swift; sourceTree = "<group>"; };
		1CC2C2221F6A5FB4005964C7 /* Bundle+Extension.swift */ = {isa = PBXFileReference; fileEncoding = 4; lastKnownFileType = sourcecode.swift; path = "Bundle+Extension.swift"; sourceTree = "<group>"; };
		1CC2C2241F6A6563005964C7 /* VCImageButton.swift */ = {isa = PBXFileReference; fileEncoding = 4; lastKnownFileType = sourcecode.swift; path = VCImageButton.swift; sourceTree = "<group>"; };
		1CC2C2261F6A6B45005964C7 /* VCUnderLineButton.swift */ = {isa = PBXFileReference; fileEncoding = 4; lastKnownFileType = sourcecode.swift; path = VCUnderLineButton.swift; sourceTree = "<group>"; };
		1CC2C2291F6A6D31005964C7 /* VCAutoSizeLabel.swift */ = {isa = PBXFileReference; fileEncoding = 4; lastKnownFileType = sourcecode.swift; path = VCAutoSizeLabel.swift; sourceTree = "<group>"; };
		1CC2C22B1F6A6DDA005964C7 /* ViewControllerLabelList.swift */ = {isa = PBXFileReference; fileEncoding = 4; lastKnownFileType = sourcecode.swift; path = ViewControllerLabelList.swift; sourceTree = "<group>"; };
		1CC2C22D1F6A791B005964C7 /* UIView+Extension.swift */ = {isa = PBXFileReference; fileEncoding = 4; lastKnownFileType = sourcecode.swift; path = "UIView+Extension.swift"; sourceTree = "<group>"; };
		1CC2C2331F6B8189005964C7 /* ViewsViewController.swift */ = {isa = PBXFileReference; fileEncoding = 4; lastKnownFileType = sourcecode.swift; path = ViewsViewController.swift; sourceTree = "<group>"; };
		1CC2C2371F6B84C5005964C7 /* GSDPracticeTableViewController.swift */ = {isa = PBXFileReference; fileEncoding = 4; lastKnownFileType = sourcecode.swift; path = GSDPracticeTableViewController.swift; sourceTree = "<group>"; };
		1CC2C23F1F6BB1C1005964C7 /* 0.jpg */ = {isa = PBXFileReference; lastKnownFileType = image.jpeg; path = 0.jpg; sourceTree = "<group>"; };
		1CC2C2401F6BB1C1005964C7 /* 1.jpg */ = {isa = PBXFileReference; lastKnownFileType = image.jpeg; path = 1.jpg; sourceTree = "<group>"; };
		1CC2C2411F6BB1C1005964C7 /* 10.jpg */ = {isa = PBXFileReference; lastKnownFileType = image.jpeg; path = 10.jpg; sourceTree = "<group>"; };
		1CC2C2421F6BB1C1005964C7 /* 11.jpg */ = {isa = PBXFileReference; lastKnownFileType = image.jpeg; path = 11.jpg; sourceTree = "<group>"; };
		1CC2C2431F6BB1C1005964C7 /* 12.jpg */ = {isa = PBXFileReference; lastKnownFileType = image.jpeg; path = 12.jpg; sourceTree = "<group>"; };
		1CC2C2441F6BB1C1005964C7 /* 13.jpg */ = {isa = PBXFileReference; lastKnownFileType = image.jpeg; path = 13.jpg; sourceTree = "<group>"; };
		1CC2C2451F6BB1C1005964C7 /* 14.jpg */ = {isa = PBXFileReference; lastKnownFileType = image.jpeg; path = 14.jpg; sourceTree = "<group>"; };
		1CC2C2461F6BB1C1005964C7 /* 15.jpg */ = {isa = PBXFileReference; lastKnownFileType = image.jpeg; path = 15.jpg; sourceTree = "<group>"; };
		1CC2C2471F6BB1C1005964C7 /* 16.jpg */ = {isa = PBXFileReference; lastKnownFileType = image.jpeg; path = 16.jpg; sourceTree = "<group>"; };
		1CC2C2481F6BB1C1005964C7 /* 17.jpg */ = {isa = PBXFileReference; lastKnownFileType = image.jpeg; path = 17.jpg; sourceTree = "<group>"; };
		1CC2C2491F6BB1C1005964C7 /* 18.jpg */ = {isa = PBXFileReference; lastKnownFileType = image.jpeg; path = 18.jpg; sourceTree = "<group>"; };
		1CC2C24A1F6BB1C1005964C7 /* 19.jpg */ = {isa = PBXFileReference; lastKnownFileType = image.jpeg; path = 19.jpg; sourceTree = "<group>"; };
		1CC2C24B1F6BB1C1005964C7 /* 2.jpg */ = {isa = PBXFileReference; lastKnownFileType = image.jpeg; path = 2.jpg; sourceTree = "<group>"; };
		1CC2C24C1F6BB1C1005964C7 /* 20.jpg */ = {isa = PBXFileReference; lastKnownFileType = image.jpeg; path = 20.jpg; sourceTree = "<group>"; };
		1CC2C24D1F6BB1C1005964C7 /* 21.jpg */ = {isa = PBXFileReference; lastKnownFileType = image.jpeg; path = 21.jpg; sourceTree = "<group>"; };
		1CC2C24E1F6BB1C1005964C7 /* 22.jpg */ = {isa = PBXFileReference; lastKnownFileType = image.jpeg; path = 22.jpg; sourceTree = "<group>"; };
		1CC2C24F1F6BB1C1005964C7 /* 23.jpg */ = {isa = PBXFileReference; lastKnownFileType = image.jpeg; path = 23.jpg; sourceTree = "<group>"; };
		1CC2C2501F6BB1C1005964C7 /* 3.jpg */ = {isa = PBXFileReference; lastKnownFileType = image.jpeg; path = 3.jpg; sourceTree = "<group>"; };
		1CC2C2511F6BB1C1005964C7 /* 4.jpg */ = {isa = PBXFileReference; lastKnownFileType = image.jpeg; path = 4.jpg; sourceTree = "<group>"; };
		1CC2C2521F6BB1C1005964C7 /* 5.jpg */ = {isa = PBXFileReference; lastKnownFileType = image.jpeg; path = 5.jpg; sourceTree = "<group>"; };
		1CC2C2531F6BB1C1005964C7 /* 6.jpg */ = {isa = PBXFileReference; lastKnownFileType = image.jpeg; path = 6.jpg; sourceTree = "<group>"; };
		1CC2C2541F6BB1C1005964C7 /* 7.jpg */ = {isa = PBXFileReference; lastKnownFileType = image.jpeg; path = 7.jpg; sourceTree = "<group>"; };
		1CC2C2551F6BB1C1005964C7 /* 8.jpg */ = {isa = PBXFileReference; lastKnownFileType = image.jpeg; path = 8.jpg; sourceTree = "<group>"; };
		1CC2C2561F6BB1C1005964C7 /* 9.jpg */ = {isa = PBXFileReference; lastKnownFileType = image.jpeg; path = 9.jpg; sourceTree = "<group>"; };
		1CC2C2571F6BB1C1005964C7 /* Discover.xcassets */ = {isa = PBXFileReference; lastKnownFileType = folder.assetcatalog; path = Discover.xcassets; sourceTree = "<group>"; };
		1CC2C2581F6BB1C1005964C7 /* Home.xcassets */ = {isa = PBXFileReference; lastKnownFileType = folder.assetcatalog; path = Home.xcassets; sourceTree = "<group>"; };
		1CC2C2591F6BB1C1005964C7 /* icon0.jpg */ = {isa = PBXFileReference; lastKnownFileType = image.jpeg; path = icon0.jpg; sourceTree = "<group>"; };
		1CC2C25A1F6BB1C1005964C7 /* icon1.jpg */ = {isa = PBXFileReference; lastKnownFileType = image.jpeg; path = icon1.jpg; sourceTree = "<group>"; };
		1CC2C25B1F6BB1C1005964C7 /* icon2.jpg */ = {isa = PBXFileReference; lastKnownFileType = image.jpeg; path = icon2.jpg; sourceTree = "<group>"; };
		1CC2C25C1F6BB1C1005964C7 /* icon3.jpg */ = {isa = PBXFileReference; lastKnownFileType = image.jpeg; path = icon3.jpg; sourceTree = "<group>"; };
		1CC2C25D1F6BB1C1005964C7 /* icon4.jpg */ = {isa = PBXFileReference; lastKnownFileType = image.jpeg; path = icon4.jpg; sourceTree = "<group>"; };
		1CC2C25E1F6BB1C1005964C7 /* pbg.jpg */ = {isa = PBXFileReference; lastKnownFileType = image.jpeg; path = pbg.jpg; sourceTree = "<group>"; };
		1CC2C25F1F6BB1C1005964C7 /* pic0.jpg */ = {isa = PBXFileReference; lastKnownFileType = image.jpeg; path = pic0.jpg; sourceTree = "<group>"; };
		1CC2C2601F6BB1C1005964C7 /* pic1.jpg */ = {isa = PBXFileReference; lastKnownFileType = image.jpeg; path = pic1.jpg; sourceTree = "<group>"; };
		1CC2C2611F6BB1C1005964C7 /* pic2.jpg */ = {isa = PBXFileReference; lastKnownFileType = image.jpeg; path = pic2.jpg; sourceTree = "<group>"; };
		1CC2C2621F6BB1C1005964C7 /* pic3.jpg */ = {isa = PBXFileReference; lastKnownFileType = image.jpeg; path = pic3.jpg; sourceTree = "<group>"; };
		1CC2C2631F6BB1C1005964C7 /* pic4.jpg */ = {isa = PBXFileReference; lastKnownFileType = image.jpeg; path = pic4.jpg; sourceTree = "<group>"; };
		1CC2C2641F6BB1C1005964C7 /* pic5.jpg */ = {isa = PBXFileReference; lastKnownFileType = image.jpeg; path = pic5.jpg; sourceTree = "<group>"; };
		1CC2C2651F6BB1C1005964C7 /* pic6.jpg */ = {isa = PBXFileReference; lastKnownFileType = image.jpeg; path = pic6.jpg; sourceTree = "<group>"; };
		1CC2C2661F6BB1C1005964C7 /* pic7.jpg */ = {isa = PBXFileReference; lastKnownFileType = image.jpeg; path = pic7.jpg; sourceTree = "<group>"; };
		1CC2C2671F6BB1C1005964C7 /* pic8.jpg */ = {isa = PBXFileReference; lastKnownFileType = image.jpeg; path = pic8.jpg; sourceTree = "<group>"; };
		1CC2C2681F6BB1C1005964C7 /* picon.jpg */ = {isa = PBXFileReference; lastKnownFileType = image.jpeg; path = picon.jpg; sourceTree = "<group>"; };
		1CC2C26A1F6BB1C1005964C7 /* test0.jpg */ = {isa = PBXFileReference; lastKnownFileType = image.jpeg; path = test0.jpg; sourceTree = "<group>"; };
		1CC2C26B1F6BB1C1005964C7 /* test1.jpg */ = {isa = PBXFileReference; lastKnownFileType = image.jpeg; path = test1.jpg; sourceTree = "<group>"; };
		1CC2C26C1F6BB1C1005964C7 /* test2.jpg */ = {isa = PBXFileReference; lastKnownFileType = image.jpeg; path = test2.jpg; sourceTree = "<group>"; };
		1CC2C26D1F6BB1C1005964C7 /* test3.jpg */ = {isa = PBXFileReference; lastKnownFileType = image.jpeg; path = test3.jpg; sourceTree = "<group>"; };
		1CC2C26E1F6BB1C1005964C7 /* test4.jpg */ = {isa = PBXFileReference; lastKnownFileType = image.jpeg; path = test4.jpg; sourceTree = "<group>"; };
		1CC996E91F74A2B500EE3EC7 /* DemoVC7.swift */ = {isa = PBXFileReference; lastKnownFileType = sourcecode.swift; path = DemoVC7.swift; sourceTree = "<group>"; };
		1CC996EB1F74A7FC00EE3EC7 /* DemoVC7Model.swift */ = {isa = PBXFileReference; lastKnownFileType = sourcecode.swift; path = DemoVC7Model.swift; sourceTree = "<group>"; };
		1CC996ED1F74A88600EE3EC7 /* DemoVC7Cell1.swift */ = {isa = PBXFileReference; lastKnownFileType = sourcecode.swift; path = DemoVC7Cell1.swift; sourceTree = "<group>"; };
		1CC996EF1F74A89400EE3EC7 /* DemoVC7Cell2.swift */ = {isa = PBXFileReference; lastKnownFileType = sourcecode.swift; path = DemoVC7Cell2.swift; sourceTree = "<group>"; };
		9A168A1994EEFF0DEB6575DE /* Pods_AutoLayout.framework */ = {isa = PBXFileReference; explicitFileType = wrapper.framework; includeInIndex = 0; path = Pods_AutoLayout.framework; sourceTree = BUILT_PRODUCTS_DIR; };
		ADE461C88A9C9CBAF83F5716 /* Pods-AutoLayout.release.xcconfig */ = {isa = PBXFileReference; includeInIndex = 1; lastKnownFileType = text.xcconfig; name = "Pods-AutoLayout.release.xcconfig"; path = "Pods/Target Support Files/Pods-AutoLayout/Pods-AutoLayout.release.xcconfig"; sourceTree = "<group>"; };
/* End PBXFileReference section */

/* Begin PBXFrameworksBuildPhase section */
		1CB0B25C1F347FE000A4B698 /* Frameworks */ = {
			isa = PBXFrameworksBuildPhase;
			buildActionMask = 2147483647;
			files = (
				DB7EA02DD6916D3B03233F0B /* Pods_AutoLayout.framework in Frameworks */,
			);
			runOnlyForDeploymentPostprocessing = 0;
		};
/* End PBXFrameworksBuildPhase section */

/* Begin PBXGroup section */
		1C2C90102089893D008F0580 /* DemoVC2 */ = {
			isa = PBXGroup;
			children = (
				1C2C901120898952008F0580 /* SnpKitDemoVC2.swift */,
				1C2C90132089896B008F0580 /* SnpKit_DemoVC_2_Cell.swift */,
				1C2C901520898A76008F0580 /* SnpKitDemoVC2ViewModel.swift */,
			);
			path = DemoVC2;
			sourceTree = "<group>";
		};
		1C2C90172089D1A9008F0580 /* 特殊类 */ = {
			isa = PBXGroup;
			children = (
				1C2C90182089D1BB008F0580 /* FPSLabel.swift */,
			);
			path = "特殊类";
			sourceTree = "<group>";
		};
		1C2FFD8F1F9726E200CAF9B4 /* DemoVC11 */ = {
			isa = PBXGroup;
			children = (
				1C2FFD901F97295500CAF9B4 /* DemoVC11.swift */,
				1C2FFD921F97298700CAF9B4 /* SDChatModel.swift */,
				1C2FFD961F97315700CAF9B4 /* SDChatTableViewCell.swift */,
				1C2FFD941F972CAC00CAF9B4 /* SDAnalogDataGenerator.swift */,
			);
			path = DemoVC11;
			sourceTree = "<group>";
		};
		1C3956891F948C0F00CF89B2 /* DemoVC8 */ = {
			isa = PBXGroup;
			children = (
				1C39568A1F948C3800CF89B2 /* DemoVC8.swift */,
			);
			path = DemoVC8;
			sourceTree = "<group>";
		};
		1C39568C1F94953300CF89B2 /* DemoVC10 */ = {
			isa = PBXGroup;
			children = (
				1C87787B1F94BB63004BCD6A /* View */,
				1C8778741F949F87004BCD6A /* Model */,
				1C39568D1F94955300CF89B2 /* DemoVC10.swift */,
				1C8778791F94B837004BCD6A /* GGG.swift */,
			);
			path = DemoVC10;
			sourceTree = "<group>";
		};
		1C45ECB91F72852300C7E2B9 /* DemoVC5 */ = {
			isa = PBXGroup;
			children = (
				1C45ECBA1F72852300C7E2B9 /* DemoVC5.swift */,
				1C45ECD21F72876400C7E2B9 /* DemoVC5TableViewCell.swift */,
				1C45ECD01F7286F900C7E2B9 /* DemoVC5Model.swift */,
			);
			path = DemoVC5;
			sourceTree = "<group>";
		};
		1C45ECBC1F72855400C7E2B9 /* DemoVC3 */ = {
			isa = PBXGroup;
			children = (
				1C45ECBD1F72855400C7E2B9 /* DemoVC3.swift */,
				1C45ECBE1F72855400C7E2B9 /* TestCell2.swift */,
			);
			path = DemoVC3;
			sourceTree = "<group>";
		};
		1C45ECC11F72856D00C7E2B9 /* DemoVC4 */ = {
			isa = PBXGroup;
			children = (
				1C45ECC21F72856D00C7E2B9 /* DemoVC4.swift */,
			);
			path = DemoVC4;
			sourceTree = "<group>";
		};
		1C45ECC41F72858600C7E2B9 /* DemoVC2 */ = {
			isa = PBXGroup;
			children = (
				1C45ECC51F72858600C7E2B9 /* DemoVC2.swift */,
			);
			path = DemoVC2;
			sourceTree = "<group>";
		};
		1C45ECC71F7285A200C7E2B9 /* DemoVC1 */ = {
			isa = PBXGroup;
			children = (
				1C45ECC81F7285A200C7E2B9 /* DemoVC1.swift */,
			);
			path = DemoVC1;
			sourceTree = "<group>";
		};
		1C45ECCA1F7285C600C7E2B9 /* DemoVC0 */ = {
			isa = PBXGroup;
			children = (
				1C45ECCB1F7285C600C7E2B9 /* DemoVC0.swift */,
			);
			path = DemoVC0;
			sourceTree = "<group>";
		};
		1C45ECCD1F7286BC00C7E2B9 /* DemoVC6 */ = {
			isa = PBXGroup;
			children = (
				1C45ECCE1F7286D900C7E2B9 /* DemoVC6.swift */,
			);
			path = DemoVC6;
			sourceTree = "<group>";
		};
		1C5C667E20889114003003C9 /* DemoVC1 */ = {
			isa = PBXGroup;
			children = (
				1C5C667F2088912C003003C9 /* SnpKitDemoVC1.swift */,
				1C5C6681208891B2003003C9 /* SnpKitDemoVC1ViewModel.swift */,
				1C5C6683208892C5003003C9 /* SnpKit_DemoVC_1_Cell.swift */,
			);
			path = DemoVC1;
			sourceTree = "<group>";
		};
		1C8778741F949F87004BCD6A /* Model */ = {
			isa = PBXGroup;
			children = (
				1C8778751F94A057004BCD6A /* ThreeModel.swift */,
				1C8778771F94B21D004BCD6A /* wangyi.json */,
			);
			path = Model;
			sourceTree = "<group>";
		};
		1C87787B1F94BB63004BCD6A /* View */ = {
			isa = PBXGroup;
			children = (
				1C87787C1F94BC4E004BCD6A /* ThreeBaseCell.swift */,
				1C87787E1F94BD98004BCD6A /* ThreeFirstCell.swift */,
				1C2FFD891F9609BB00CAF9B4 /* ThreeSecondCell.swift */,
				1C2FFD8B1F96F65300CAF9B4 /* ThreeThirdCell.swift */,
				1C2FFD871F95FD8E00CAF9B4 /* ThreeFourthCell.swift */,
			);
			path = View;
			sourceTree = "<group>";
		};
		1C9993C220882B3D0091D293 /* SnapKit 代码练习 */ = {
			isa = PBXGroup;
			children = (
				1C9993C720882BA70091D293 /* SnapKitDemoTableViewController.swift */,
				1C2C90102089893D008F0580 /* DemoVC2 */,
				1C5C667E20889114003003C9 /* DemoVC1 */,
				1C9993C9208836CD0091D293 /* DemoVC0 */,
			);
			path = "SnapKit 代码练习";
			sourceTree = "<group>";
		};
		1C9993C9208836CD0091D293 /* DemoVC0 */ = {
			isa = PBXGroup;
			children = (
				1C9993CC208837180091D293 /* SnpKitDemoVC0.swift */,
				1C9993CE208837A50091D293 /* EFPAFamilyCell.swift */,
				1C9993D02088397E0091D293 /* UILabel+Extensions.swift */,
				1C9993D220883DD60091D293 /* SnpKitDemoVC0ViewModel.swift */,
			);
			path = DemoVC0;
			sourceTree = "<group>";
		};
		1CB0B2561F347FE000A4B698 = {
			isa = PBXGroup;
			children = (
				1CB0B2611F347FE000A4B698 /* AutoLayout */,
				1CB0B2601F347FE000A4B698 /* Products */,
				57F676B89FD1004B0855BAE2 /* Pods */,
				FF32813925B99DAA35A84D46 /* Frameworks */,
			);
			sourceTree = "<group>";
		};
		1CB0B2601F347FE000A4B698 /* Products */ = {
			isa = PBXGroup;
			children = (
				1CB0B25F1F347FE000A4B698 /* AutoLayout.app */,
			);
			name = Products;
			sourceTree = "<group>";
		};
		1CB0B2611F347FE000A4B698 /* AutoLayout */ = {
			isa = PBXGroup;
			children = (
				1CB0B2621F347FE000A4B698 /* AppDelegate.swift */,
				1CB0B2641F347FE000A4B698 /* ViewController.swift */,
				1C426C431F6A523000E40164 /* MainViewController.swift */,
				1C9993C220882B3D0091D293 /* SnapKit 代码练习 */,
				1CC2C22F1F6A7A65005964C7 /* GSD代码练习 */,
				1C2C90172089D1A9008F0580 /* 特殊类 */,
				1CC2C2211F6A5FA8005964C7 /* 工具类 */,
				1CC2C2281F6A6D15005964C7 /* Label */,
				1CC2C21E1F6A5874005964C7 /* 按钮 */,
				1CB0B2661F347FE000A4B698 /* Main.storyboard */,
				1CB0B2691F347FE000A4B698 /* Assets.xcassets */,
				1CB0B26B1F347FE000A4B698 /* LaunchScreen.storyboard */,
				1CB0B26E1F347FE000A4B698 /* Info.plist */,
				1CC2C23D1F6BB1C1005964C7 /* Images */,
			);
			path = AutoLayout;
			sourceTree = "<group>";
		};
		1CC2C21E1F6A5874005964C7 /* 按钮 */ = {
			isa = PBXGroup;
			children = (
				1CC2C21F1F6A58CA005964C7 /* ViewControllerButtonList.swift */,
				1CC2C2241F6A6563005964C7 /* VCImageButton.swift */,
				1CC2C2261F6A6B45005964C7 /* VCUnderLineButton.swift */,
			);
			name = "按钮";
			path = ButtonLayout;
			sourceTree = "<group>";
		};
		1CC2C2211F6A5FA8005964C7 /* 工具类 */ = {
			isa = PBXGroup;
			children = (
				1CC2C2221F6A5FB4005964C7 /* Bundle+Extension.swift */,
				1C9993D6208850F70091D293 /* UIColor+Extension.swift */,
				1CC2C22D1F6A791B005964C7 /* UIView+Extension.swift */,
				1C5C668520889B24003003C9 /* Array+Extension.swift */,
			);
			name = "工具类";
			path = Tools;
			sourceTree = "<group>";
		};
		1CC2C2281F6A6D15005964C7 /* Label */ = {
			isa = PBXGroup;
			children = (
				1CC2C22B1F6A6DDA005964C7 /* ViewControllerLabelList.swift */,
				1CC2C2291F6A6D31005964C7 /* VCAutoSizeLabel.swift */,
			);
			path = Label;
			sourceTree = "<group>";
		};
		1CC2C22F1F6A7A65005964C7 /* GSD代码练习 */ = {
			isa = PBXGroup;
			children = (
				1CC2C2371F6B84C5005964C7 /* GSDPracticeTableViewController.swift */,
				1CC2C2331F6B8189005964C7 /* ViewsViewController.swift */,
				1C45ECCA1F7285C600C7E2B9 /* DemoVC0 */,
				1C45ECC71F7285A200C7E2B9 /* DemoVC1 */,
				1C45ECC41F72858600C7E2B9 /* DemoVC2 */,
				1C45ECBC1F72855400C7E2B9 /* DemoVC3 */,
				1C45ECC11F72856D00C7E2B9 /* DemoVC4 */,
				1C45ECB91F72852300C7E2B9 /* DemoVC5 */,
				1C45ECCD1F7286BC00C7E2B9 /* DemoVC6 */,
				1CC996E81F74A27800EE3EC7 /* DemoVC7 */,
				1C3956891F948C0F00CF89B2 /* DemoVC8 */,
				1C39568C1F94953300CF89B2 /* DemoVC10 */,
				1C2FFD8F1F9726E200CAF9B4 /* DemoVC11 */,
			);
			name = "GSD代码练习";
			path = GSDPractice;
			sourceTree = "<group>";
		};
		1CC2C23D1F6BB1C1005964C7 /* Images */ = {
			isa = PBXGroup;
			children = (
				1CC2C23E1F6BB1C1005964C7 /* cell_icons */,
				1CC2C2571F6BB1C1005964C7 /* Discover.xcassets */,
				1CC2C2581F6BB1C1005964C7 /* Home.xcassets */,
				1CC2C2591F6BB1C1005964C7 /* icon0.jpg */,
				1CC2C25A1F6BB1C1005964C7 /* icon1.jpg */,
				1CC2C25B1F6BB1C1005964C7 /* icon2.jpg */,
				1CC2C25C1F6BB1C1005964C7 /* icon3.jpg */,
				1CC2C25D1F6BB1C1005964C7 /* icon4.jpg */,
				1CC2C25E1F6BB1C1005964C7 /* pbg.jpg */,
				1CC2C25F1F6BB1C1005964C7 /* pic0.jpg */,
				1CC2C2601F6BB1C1005964C7 /* pic1.jpg */,
				1CC2C2611F6BB1C1005964C7 /* pic2.jpg */,
				1CC2C2621F6BB1C1005964C7 /* pic3.jpg */,
				1CC2C2631F6BB1C1005964C7 /* pic4.jpg */,
				1CC2C2641F6BB1C1005964C7 /* pic5.jpg */,
				1CC2C2651F6BB1C1005964C7 /* pic6.jpg */,
				1CC2C2661F6BB1C1005964C7 /* pic7.jpg */,
				1CC2C2671F6BB1C1005964C7 /* pic8.jpg */,
				1CC2C2681F6BB1C1005964C7 /* picon.jpg */,
				1CC2C2691F6BB1C1005964C7 /* test */,
			);
			path = Images;
			sourceTree = "<group>";
		};
		1CC2C23E1F6BB1C1005964C7 /* cell_icons */ = {
			isa = PBXGroup;
			children = (
				1CC2C23F1F6BB1C1005964C7 /* 0.jpg */,
				1CC2C2401F6BB1C1005964C7 /* 1.jpg */,
				1CC2C2411F6BB1C1005964C7 /* 10.jpg */,
				1CC2C2421F6BB1C1005964C7 /* 11.jpg */,
				1CC2C2431F6BB1C1005964C7 /* 12.jpg */,
				1CC2C2441F6BB1C1005964C7 /* 13.jpg */,
				1CC2C2451F6BB1C1005964C7 /* 14.jpg */,
				1CC2C2461F6BB1C1005964C7 /* 15.jpg */,
				1CC2C2471F6BB1C1005964C7 /* 16.jpg */,
				1CC2C2481F6BB1C1005964C7 /* 17.jpg */,
				1CC2C2491F6BB1C1005964C7 /* 18.jpg */,
				1CC2C24A1F6BB1C1005964C7 /* 19.jpg */,
				1CC2C24B1F6BB1C1005964C7 /* 2.jpg */,
				1CC2C24C1F6BB1C1005964C7 /* 20.jpg */,
				1CC2C24D1F6BB1C1005964C7 /* 21.jpg */,
				1CC2C24E1F6BB1C1005964C7 /* 22.jpg */,
				1CC2C24F1F6BB1C1005964C7 /* 23.jpg */,
				1CC2C2501F6BB1C1005964C7 /* 3.jpg */,
				1CC2C2511F6BB1C1005964C7 /* 4.jpg */,
				1CC2C2521F6BB1C1005964C7 /* 5.jpg */,
				1CC2C2531F6BB1C1005964C7 /* 6.jpg */,
				1CC2C2541F6BB1C1005964C7 /* 7.jpg */,
				1CC2C2551F6BB1C1005964C7 /* 8.jpg */,
				1CC2C2561F6BB1C1005964C7 /* 9.jpg */,
			);
			path = cell_icons;
			sourceTree = "<group>";
		};
		1CC2C2691F6BB1C1005964C7 /* test */ = {
			isa = PBXGroup;
			children = (
				1CC2C26A1F6BB1C1005964C7 /* test0.jpg */,
				1CC2C26B1F6BB1C1005964C7 /* test1.jpg */,
				1CC2C26C1F6BB1C1005964C7 /* test2.jpg */,
				1CC2C26D1F6BB1C1005964C7 /* test3.jpg */,
				1CC2C26E1F6BB1C1005964C7 /* test4.jpg */,
			);
			path = test;
			sourceTree = "<group>";
		};
		1CC996E81F74A27800EE3EC7 /* DemoVC7 */ = {
			isa = PBXGroup;
			children = (
				1CC996E91F74A2B500EE3EC7 /* DemoVC7.swift */,
				1CC996ED1F74A88600EE3EC7 /* DemoVC7Cell1.swift */,
				1CC996EF1F74A89400EE3EC7 /* DemoVC7Cell2.swift */,
				1CC996EB1F74A7FC00EE3EC7 /* DemoVC7Model.swift */,
			);
			path = DemoVC7;
			sourceTree = "<group>";
		};
		57F676B89FD1004B0855BAE2 /* Pods */ = {
			isa = PBXGroup;
			children = (
				0805AB4D7A682BEF064B8855 /* Pods-AutoLayout.debug.xcconfig */,
				ADE461C88A9C9CBAF83F5716 /* Pods-AutoLayout.release.xcconfig */,
			);
			name = Pods;
			sourceTree = "<group>";
		};
		FF32813925B99DAA35A84D46 /* Frameworks */ = {
			isa = PBXGroup;
			children = (
				9A168A1994EEFF0DEB6575DE /* Pods_AutoLayout.framework */,
			);
			name = Frameworks;
			sourceTree = "<group>";
		};
/* End PBXGroup section */

/* Begin PBXNativeTarget section */
		1CB0B25E1F347FE000A4B698 /* AutoLayout */ = {
			isa = PBXNativeTarget;
			buildConfigurationList = 1CB0B2711F347FE000A4B698 /* Build configuration list for PBXNativeTarget "AutoLayout" */;
			buildPhases = (
				83D0736C3D87D1CB1B0966AA /* [CP] Check Pods Manifest.lock */,
				1CB0B25B1F347FE000A4B698 /* Sources */,
				1CB0B25C1F347FE000A4B698 /* Frameworks */,
				1CB0B25D1F347FE000A4B698 /* Resources */,
				2EEF47881A593A565DA6227D /* [CP] Embed Pods Frameworks */,
			);
			buildRules = (
			);
			dependencies = (
			);
			name = AutoLayout;
			productName = AutoLayout;
			productReference = 1CB0B25F1F347FE000A4B698 /* AutoLayout.app */;
			productType = "com.apple.product-type.application";
		};
/* End PBXNativeTarget section */

/* Begin PBXProject section */
		1CB0B2571F347FE000A4B698 /* Project object */ = {
			isa = PBXProject;
			attributes = {
				LastSwiftUpdateCheck = 0830;
				LastUpgradeCheck = 0900;
				ORGANIZATIONNAME = yuency;
				TargetAttributes = {
					1CB0B25E1F347FE000A4B698 = {
						CreatedOnToolsVersion = 8.3.3;
						DevelopmentTeam = 9X3RT5648E;
						LastSwiftMigration = 0900;
						ProvisioningStyle = Automatic;
					};
				};
			};
			buildConfigurationList = 1CB0B25A1F347FE000A4B698 /* Build configuration list for PBXProject "AutoLayout" */;
			compatibilityVersion = "Xcode 3.2";
			developmentRegion = English;
			hasScannedForEncodings = 0;
			knownRegions = (
				en,
				Base,
			);
			mainGroup = 1CB0B2561F347FE000A4B698;
			productRefGroup = 1CB0B2601F347FE000A4B698 /* Products */;
			projectDirPath = "";
			projectRoot = "";
			targets = (
				1CB0B25E1F347FE000A4B698 /* AutoLayout */,
			);
		};
/* End PBXProject section */

/* Begin PBXResourcesBuildPhase section */
		1CB0B25D1F347FE000A4B698 /* Resources */ = {
			isa = PBXResourcesBuildPhase;
			buildActionMask = 2147483647;
			files = (
				1CC2C2811F6BB1C1005964C7 /* 4.jpg in Resources */,
				1CC2C2921F6BB1C1005964C7 /* pic3.jpg in Resources */,
				1CC2C27E1F6BB1C1005964C7 /* 22.jpg in Resources */,
				1CC2C2781F6BB1C1005964C7 /* 17.jpg in Resources */,
				1CC2C28D1F6BB1C1005964C7 /* icon4.jpg in Resources */,
				1CC2C2751F6BB1C1005964C7 /* 14.jpg in Resources */,
				1CC2C27C1F6BB1C1005964C7 /* 20.jpg in Resources */,
				1CC2C2941F6BB1C1005964C7 /* pic5.jpg in Resources */,
				1CC2C2891F6BB1C1005964C7 /* icon0.jpg in Resources */,
				1CC2C2911F6BB1C1005964C7 /* pic2.jpg in Resources */,
				1CC2C2731F6BB1C1005964C7 /* 12.jpg in Resources */,
				1CC2C2961F6BB1C1005964C7 /* pic7.jpg in Resources */,
				1CC2C2741F6BB1C1005964C7 /* 13.jpg in Resources */,
				1CC2C26F1F6BB1C1005964C7 /* 0.jpg in Resources */,
				1CC2C2981F6BB1C1005964C7 /* picon.jpg in Resources */,
				1CC2C2771F6BB1C1005964C7 /* 16.jpg in Resources */,
				1CC2C27B1F6BB1C1005964C7 /* 2.jpg in Resources */,
				1CB0B26D1F347FE000A4B698 /* LaunchScreen.storyboard in Resources */,
				1CC2C27F1F6BB1C1005964C7 /* 23.jpg in Resources */,
				1CC2C2841F6BB1C1005964C7 /* 7.jpg in Resources */,
				1CB0B26A1F347FE000A4B698 /* Assets.xcassets in Resources */,
				1CC2C2801F6BB1C1005964C7 /* 3.jpg in Resources */,
				1CC2C29D1F6BB1C1005964C7 /* test4.jpg in Resources */,
				1CC2C2881F6BB1C1005964C7 /* Home.xcassets in Resources */,
				1CC2C28C1F6BB1C1005964C7 /* icon3.jpg in Resources */,
				1CB0B2681F347FE000A4B698 /* Main.storyboard in Resources */,
				1CC2C2871F6BB1C1005964C7 /* Discover.xcassets in Resources */,
				1CC2C29B1F6BB1C1005964C7 /* test2.jpg in Resources */,
				1CC2C28B1F6BB1C1005964C7 /* icon2.jpg in Resources */,
				1CC2C2951F6BB1C1005964C7 /* pic6.jpg in Resources */,
				1CC2C2991F6BB1C1005964C7 /* test0.jpg in Resources */,
				1CC2C2711F6BB1C1005964C7 /* 10.jpg in Resources */,
				1CC2C29A1F6BB1C1005964C7 /* test1.jpg in Resources */,
				1CC2C27A1F6BB1C1005964C7 /* 19.jpg in Resources */,
				1CC2C28E1F6BB1C1005964C7 /* pbg.jpg in Resources */,
				1CC2C2861F6BB1C1005964C7 /* 9.jpg in Resources */,
				1CC2C2971F6BB1C1005964C7 /* pic8.jpg in Resources */,
				1CC2C2851F6BB1C1005964C7 /* 8.jpg in Resources */,
				1CC2C2721F6BB1C1005964C7 /* 11.jpg in Resources */,
				1CC2C2831F6BB1C1005964C7 /* 6.jpg in Resources */,
				1CC2C2931F6BB1C1005964C7 /* pic4.jpg in Resources */,
				1CC2C28A1F6BB1C1005964C7 /* icon1.jpg in Resources */,
				1CC2C29C1F6BB1C1005964C7 /* test3.jpg in Resources */,
				1CC2C2701F6BB1C1005964C7 /* 1.jpg in Resources */,
				1C8778781F94B21D004BCD6A /* wangyi.json in Resources */,
				1CC2C28F1F6BB1C1005964C7 /* pic0.jpg in Resources */,
				1CC2C2821F6BB1C1005964C7 /* 5.jpg in Resources */,
				1CC2C2901F6BB1C1005964C7 /* pic1.jpg in Resources */,
				1CC2C2791F6BB1C1005964C7 /* 18.jpg in Resources */,
				1CC2C27D1F6BB1C1005964C7 /* 21.jpg in Resources */,
				1CC2C2761F6BB1C1005964C7 /* 15.jpg in Resources */,
			);
			runOnlyForDeploymentPostprocessing = 0;
		};
/* End PBXResourcesBuildPhase section */

/* Begin PBXShellScriptBuildPhase section */
		2EEF47881A593A565DA6227D /* [CP] Embed Pods Frameworks */ = {
			isa = PBXShellScriptBuildPhase;
			buildActionMask = 2147483647;
			files = (
			);
			inputPaths = (
				"${SRCROOT}/Pods/Target Support Files/Pods-AutoLayout/Pods-AutoLayout-frameworks.sh",
				"${BUILT_PRODUCTS_DIR}/Alamofire/Alamofire.framework",
				"${BUILT_PRODUCTS_DIR}/Kingfisher/Kingfisher.framework",
				"${BUILT_PRODUCTS_DIR}/MJRefresh/MJRefresh.framework",
				"${BUILT_PRODUCTS_DIR}/SDAutoLayout/SDAutoLayout.framework",
				"${BUILT_PRODUCTS_DIR}/SDCycleScrollView/SDCycleScrollView.framework",
				"${BUILT_PRODUCTS_DIR}/SDWebImage/SDWebImage.framework",
				"${BUILT_PRODUCTS_DIR}/SnapKit/SnapKit.framework",
				"${BUILT_PRODUCTS_DIR}/YYModel/YYModel.framework",
			);
			name = "[CP] Embed Pods Frameworks";
			outputPaths = (
				"${TARGET_BUILD_DIR}/${FRAMEWORKS_FOLDER_PATH}/Alamofire.framework",
				"${TARGET_BUILD_DIR}/${FRAMEWORKS_FOLDER_PATH}/Kingfisher.framework",
				"${TARGET_BUILD_DIR}/${FRAMEWORKS_FOLDER_PATH}/MJRefresh.framework",
				"${TARGET_BUILD_DIR}/${FRAMEWORKS_FOLDER_PATH}/SDAutoLayout.framework",
				"${TARGET_BUILD_DIR}/${FRAMEWORKS_FOLDER_PATH}/SDCycleScrollView.framework",
				"${TARGET_BUILD_DIR}/${FRAMEWORKS_FOLDER_PATH}/SDWebImage.framework",
				"${TARGET_BUILD_DIR}/${FRAMEWORKS_FOLDER_PATH}/SnapKit.framework",
				"${TARGET_BUILD_DIR}/${FRAMEWORKS_FOLDER_PATH}/YYModel.framework",
			);
			runOnlyForDeploymentPostprocessing = 0;
			shellPath = /bin/sh;
			shellScript = "\"${SRCROOT}/Pods/Target Support Files/Pods-AutoLayout/Pods-AutoLayout-frameworks.sh\"\n";
			showEnvVarsInLog = 0;
		};
		83D0736C3D87D1CB1B0966AA /* [CP] Check Pods Manifest.lock */ = {
			isa = PBXShellScriptBuildPhase;
			buildActionMask = 2147483647;
			files = (
			);
			inputPaths = (
				"${PODS_PODFILE_DIR_PATH}/Podfile.lock",
				"${PODS_ROOT}/Manifest.lock",
			);
			name = "[CP] Check Pods Manifest.lock";
			outputPaths = (
				"$(DERIVED_FILE_DIR)/Pods-AutoLayout-checkManifestLockResult.txt",
			);
			runOnlyForDeploymentPostprocessing = 0;
			shellPath = /bin/sh;
			shellScript = "diff \"${PODS_PODFILE_DIR_PATH}/Podfile.lock\" \"${PODS_ROOT}/Manifest.lock\" > /dev/null\nif [ $? != 0 ] ; then\n    # print error to STDERR\n    echo \"error: The sandbox is not in sync with the Podfile.lock. Run 'pod install' or update your CocoaPods installation.\" >&2\n    exit 1\nfi\n# This output is used by Xcode 'outputs' to avoid re-running this script phase.\necho \"SUCCESS\" > \"${SCRIPT_OUTPUT_FILE_0}\"\n";
			showEnvVarsInLog = 0;
		};
/* End PBXShellScriptBuildPhase section */

/* Begin PBXSourcesBuildPhase section */
		1CB0B25B1F347FE000A4B698 /* Sources */ = {
			isa = PBXSourcesBuildPhase;
			buildActionMask = 2147483647;
			files = (
				1C5C66802088912C003003C9 /* SnpKitDemoVC1.swift in Sources */,
				1C2C90192089D1BB008F0580 /* FPSLabel.swift in Sources */,
				1C2FFD931F97298700CAF9B4 /* SDChatModel.swift in Sources */,
				1C39568E1F94955300CF89B2 /* DemoVC10.swift in Sources */,
				1C45ECD11F7286F900C7E2B9 /* DemoVC5Model.swift in Sources */,
				1C2FFD8A1F9609BB00CAF9B4 /* ThreeSecondCell.swift in Sources */,
				1CC2C2271F6A6B45005964C7 /* VCUnderLineButton.swift in Sources */,
				1CC2C2381F6B84C5005964C7 /* GSDPracticeTableViewController.swift in Sources */,
				1C9993D320883DD60091D293 /* SnpKitDemoVC0ViewModel.swift in Sources */,
				1CC996EC1F74A7FC00EE3EC7 /* DemoVC7Model.swift in Sources */,
				1CC2C22C1F6A6DDA005964C7 /* ViewControllerLabelList.swift in Sources */,
				1CC2C2201F6A58CA005964C7 /* ViewControllerButtonList.swift in Sources */,
				1CC2C2231F6A5FB4005964C7 /* Bundle+Extension.swift in Sources */,
				1CC2C2341F6B8189005964C7 /* ViewsViewController.swift in Sources */,
				1C45ECC91F7285A200C7E2B9 /* DemoVC1.swift in Sources */,
				1CC2C2251F6A6563005964C7 /* VCImageButton.swift in Sources */,
				1C45ECBF1F72855400C7E2B9 /* DemoVC3.swift in Sources */,
				1C39568B1F948C3800CF89B2 /* DemoVC8.swift in Sources */,
				1C426C441F6A523000E40164 /* MainViewController.swift in Sources */,
				1C2FFD951F972CAC00CAF9B4 /* SDAnalogDataGenerator.swift in Sources */,
				1C9993CF208837A50091D293 /* EFPAFamilyCell.swift in Sources */,
				1C2C901620898A76008F0580 /* SnpKitDemoVC2ViewModel.swift in Sources */,
				1C45ECC61F72858600C7E2B9 /* DemoVC2.swift in Sources */,
				1C5C6682208891B2003003C9 /* SnpKitDemoVC1ViewModel.swift in Sources */,
				1C2FFD971F97315700CAF9B4 /* SDChatTableViewCell.swift in Sources */,
				1C87787F1F94BD98004BCD6A /* ThreeFirstCell.swift in Sources */,
				1C87787A1F94B837004BCD6A /* GGG.swift in Sources */,
				1C5C668620889B24003003C9 /* Array+Extension.swift in Sources */,
				1CC2C22A1F6A6D31005964C7 /* VCAutoSizeLabel.swift in Sources */,
				1C2FFD8C1F96F65300CAF9B4 /* ThreeThirdCell.swift in Sources */,
				1CC996F01F74A89400EE3EC7 /* DemoVC7Cell2.swift in Sources */,
				1C45ECCF1F7286D900C7E2B9 /* DemoVC6.swift in Sources */,
				1C2C90142089896B008F0580 /* SnpKit_DemoVC_2_Cell.swift in Sources */,
				1CC996EE1F74A88600EE3EC7 /* DemoVC7Cell1.swift in Sources */,
				1CB0B2651F347FE000A4B698 /* ViewController.swift in Sources */,
				1C45ECBB1F72852300C7E2B9 /* DemoVC5.swift in Sources */,
				1C2FFD911F97295500CAF9B4 /* DemoVC11.swift in Sources */,
				1CC2C22E1F6A791B005964C7 /* UIView+Extension.swift in Sources */,
				1C2FFD881F95FD8E00CAF9B4 /* ThreeFourthCell.swift in Sources */,
				1C87787D1F94BC4E004BCD6A /* ThreeBaseCell.swift in Sources */,
				1C45ECD31F72876400C7E2B9 /* DemoVC5TableViewCell.swift in Sources */,
				1C45ECC31F72856D00C7E2B9 /* DemoVC4.swift in Sources */,
				1C9993CD208837180091D293 /* SnpKitDemoVC0.swift in Sources */,
				1C45ECCC1F7285C600C7E2B9 /* DemoVC0.swift in Sources */,
				1C45ECC01F72855400C7E2B9 /* TestCell2.swift in Sources */,
				1C9993D7208850F70091D293 /* UIColor+Extension.swift in Sources */,
				1C5C6684208892C5003003C9 /* SnpKit_DemoVC_1_Cell.swift in Sources */,
				1CC996EA1F74A2B500EE3EC7 /* DemoVC7.swift in Sources */,
				1C9993C820882BA70091D293 /* SnapKitDemoTableViewController.swift in Sources */,
				1C8778761F94A057004BCD6A /* ThreeModel.swift in Sources */,
				1CB0B2631F347FE000A4B698 /* AppDelegate.swift in Sources */,
				1C9993D12088397E0091D293 /* UILabel+Extensions.swift in Sources */,
				1C2C901220898952008F0580 /* SnpKitDemoVC2.swift in Sources */,
			);
			runOnlyForDeploymentPostprocessing = 0;
		};
/* End PBXSourcesBuildPhase section */

/* Begin PBXVariantGroup section */
		1CB0B2661F347FE000A4B698 /* Main.storyboard */ = {
			isa = PBXVariantGroup;
			children = (
				1CB0B2671F347FE000A4B698 /* Base */,
			);
			name = Main.storyboard;
			sourceTree = "<group>";
		};
		1CB0B26B1F347FE000A4B698 /* LaunchScreen.storyboard */ = {
			isa = PBXVariantGroup;
			children = (
				1CB0B26C1F347FE000A4B698 /* Base */,
			);
			name = LaunchScreen.storyboard;
			sourceTree = "<group>";
		};
/* End PBXVariantGroup section */

/* Begin XCBuildConfiguration section */
		1CB0B26F1F347FE000A4B698 /* Debug */ = {
			isa = XCBuildConfiguration;
			buildSettings = {
				ALWAYS_SEARCH_USER_PATHS = NO;
				CLANG_ANALYZER_NONNULL = YES;
				CLANG_ANALYZER_NUMBER_OBJECT_CONVERSION = YES_AGGRESSIVE;
				CLANG_CXX_LANGUAGE_STANDARD = "gnu++0x";
				CLANG_CXX_LIBRARY = "libc++";
				CLANG_ENABLE_MODULES = YES;
				CLANG_ENABLE_OBJC_ARC = YES;
				CLANG_WARN_BLOCK_CAPTURE_AUTORELEASING = YES;
				CLANG_WARN_BOOL_CONVERSION = YES;
				CLANG_WARN_COMMA = YES;
				CLANG_WARN_CONSTANT_CONVERSION = YES;
				CLANG_WARN_DIRECT_OBJC_ISA_USAGE = YES_ERROR;
				CLANG_WARN_DOCUMENTATION_COMMENTS = YES;
				CLANG_WARN_EMPTY_BODY = YES;
				CLANG_WARN_ENUM_CONVERSION = YES;
				CLANG_WARN_INFINITE_RECURSION = YES;
				CLANG_WARN_INT_CONVERSION = YES;
				CLANG_WARN_NON_LITERAL_NULL_CONVERSION = YES;
				CLANG_WARN_OBJC_LITERAL_CONVERSION = YES;
				CLANG_WARN_OBJC_ROOT_CLASS = YES_ERROR;
				CLANG_WARN_RANGE_LOOP_ANALYSIS = YES;
				CLANG_WARN_STRICT_PROTOTYPES = YES;
				CLANG_WARN_SUSPICIOUS_MOVE = YES;
				CLANG_WARN_UNREACHABLE_CODE = YES;
				CLANG_WARN__DUPLICATE_METHOD_MATCH = YES;
				"CODE_SIGN_IDENTITY[sdk=iphoneos*]" = "iPhone Developer";
				COPY_PHASE_STRIP = NO;
				DEBUG_INFORMATION_FORMAT = dwarf;
				ENABLE_STRICT_OBJC_MSGSEND = YES;
				ENABLE_TESTABILITY = YES;
				GCC_C_LANGUAGE_STANDARD = gnu99;
				GCC_DYNAMIC_NO_PIC = NO;
				GCC_NO_COMMON_BLOCKS = YES;
				GCC_OPTIMIZATION_LEVEL = 0;
				GCC_PREPROCESSOR_DEFINITIONS = (
					"DEBUG=1",
					"$(inherited)",
				);
				GCC_WARN_64_TO_32_BIT_CONVERSION = YES;
				GCC_WARN_ABOUT_RETURN_TYPE = YES_ERROR;
				GCC_WARN_UNDECLARED_SELECTOR = YES;
				GCC_WARN_UNINITIALIZED_AUTOS = YES_AGGRESSIVE;
				GCC_WARN_UNUSED_FUNCTION = YES;
				GCC_WARN_UNUSED_VARIABLE = YES;
				IPHONEOS_DEPLOYMENT_TARGET = 8.0;
				MTL_ENABLE_DEBUG_INFO = YES;
				ONLY_ACTIVE_ARCH = YES;
				SDKROOT = iphoneos;
				SWIFT_ACTIVE_COMPILATION_CONDITIONS = DEBUG;
				SWIFT_OPTIMIZATION_LEVEL = "-Onone";
				TARGETED_DEVICE_FAMILY = "1,2";
			};
			name = Debug;
		};
		1CB0B2701F347FE000A4B698 /* Release */ = {
			isa = XCBuildConfiguration;
			buildSettings = {
				ALWAYS_SEARCH_USER_PATHS = NO;
				CLANG_ANALYZER_NONNULL = YES;
				CLANG_ANALYZER_NUMBER_OBJECT_CONVERSION = YES_AGGRESSIVE;
				CLANG_CXX_LANGUAGE_STANDARD = "gnu++0x";
				CLANG_CXX_LIBRARY = "libc++";
				CLANG_ENABLE_MODULES = YES;
				CLANG_ENABLE_OBJC_ARC = YES;
				CLANG_WARN_BLOCK_CAPTURE_AUTORELEASING = YES;
				CLANG_WARN_BOOL_CONVERSION = YES;
				CLANG_WARN_COMMA = YES;
				CLANG_WARN_CONSTANT_CONVERSION = YES;
				CLANG_WARN_DIRECT_OBJC_ISA_USAGE = YES_ERROR;
				CLANG_WARN_DOCUMENTATION_COMMENTS = YES;
				CLANG_WARN_EMPTY_BODY = YES;
				CLANG_WARN_ENUM_CONVERSION = YES;
				CLANG_WARN_INFINITE_RECURSION = YES;
				CLANG_WARN_INT_CONVERSION = YES;
				CLANG_WARN_NON_LITERAL_NULL_CONVERSION = YES;
				CLANG_WARN_OBJC_LITERAL_CONVERSION = YES;
				CLANG_WARN_OBJC_ROOT_CLASS = YES_ERROR;
				CLANG_WARN_RANGE_LOOP_ANALYSIS = YES;
				CLANG_WARN_STRICT_PROTOTYPES = YES;
				CLANG_WARN_SUSPICIOUS_MOVE = YES;
				CLANG_WARN_UNREACHABLE_CODE = YES;
				CLANG_WARN__DUPLICATE_METHOD_MATCH = YES;
				"CODE_SIGN_IDENTITY[sdk=iphoneos*]" = "iPhone Developer";
				COPY_PHASE_STRIP = NO;
				DEBUG_INFORMATION_FORMAT = "dwarf-with-dsym";
				ENABLE_NS_ASSERTIONS = NO;
				ENABLE_STRICT_OBJC_MSGSEND = YES;
				GCC_C_LANGUAGE_STANDARD = gnu99;
				GCC_NO_COMMON_BLOCKS = YES;
				GCC_WARN_64_TO_32_BIT_CONVERSION = YES;
				GCC_WARN_ABOUT_RETURN_TYPE = YES_ERROR;
				GCC_WARN_UNDECLARED_SELECTOR = YES;
				GCC_WARN_UNINITIALIZED_AUTOS = YES_AGGRESSIVE;
				GCC_WARN_UNUSED_FUNCTION = YES;
				GCC_WARN_UNUSED_VARIABLE = YES;
				IPHONEOS_DEPLOYMENT_TARGET = 8.0;
				MTL_ENABLE_DEBUG_INFO = NO;
				SDKROOT = iphoneos;
				SWIFT_OPTIMIZATION_LEVEL = "-Owholemodule";
				TARGETED_DEVICE_FAMILY = "1,2";
				VALIDATE_PRODUCT = YES;
			};
			name = Release;
		};
		1CB0B2721F347FE000A4B698 /* Debug */ = {
			isa = XCBuildConfiguration;
			baseConfigurationReference = 0805AB4D7A682BEF064B8855 /* Pods-AutoLayout.debug.xcconfig */;
			buildSettings = {
				ASSETCATALOG_COMPILER_APPICON_NAME = AppIcon;
				DEVELOPMENT_TEAM = 9X3RT5648E;
				INFOPLIST_FILE = AutoLayout/Info.plist;
				IPHONEOS_DEPLOYMENT_TARGET = 8.0;
				LD_RUNPATH_SEARCH_PATHS = "$(inherited) @executable_path/Frameworks";
				PRODUCT_BUNDLE_IDENTIFIER = com.yuency.AutoLayout;
				PRODUCT_NAME = "$(TARGET_NAME)";
				SWIFT_SWIFT3_OBJC_INFERENCE = Off;
				SWIFT_VERSION = 4.0;
			};
			name = Debug;
		};
		1CB0B2731F347FE000A4B698 /* Release */ = {
			isa = XCBuildConfiguration;
			baseConfigurationReference = ADE461C88A9C9CBAF83F5716 /* Pods-AutoLayout.release.xcconfig */;
			buildSettings = {
				ASSETCATALOG_COMPILER_APPICON_NAME = AppIcon;
				DEVELOPMENT_TEAM = 9X3RT5648E;
				INFOPLIST_FILE = AutoLayout/Info.plist;
				IPHONEOS_DEPLOYMENT_TARGET = 8.0;
				LD_RUNPATH_SEARCH_PATHS = "$(inherited) @executable_path/Frameworks";
				PRODUCT_BUNDLE_IDENTIFIER = com.yuency.AutoLayout;
				PRODUCT_NAME = "$(TARGET_NAME)";
				SWIFT_SWIFT3_OBJC_INFERENCE = Off;
				SWIFT_VERSION = 4.0;
			};
			name = Release;
		};
/* End XCBuildConfiguration section */

/* Begin XCConfigurationList section */
		1CB0B25A1F347FE000A4B698 /* Build configuration list for PBXProject "AutoLayout" */ = {
			isa = XCConfigurationList;
			buildConfigurations = (
				1CB0B26F1F347FE000A4B698 /* Debug */,
				1CB0B2701F347FE000A4B698 /* Release */,
			);
			defaultConfigurationIsVisible = 0;
			defaultConfigurationName = Release;
		};
		1CB0B2711F347FE000A4B698 /* Build configuration list for PBXNativeTarget "AutoLayout" */ = {
			isa = XCConfigurationList;
			buildConfigurations = (
				1CB0B2721F347FE000A4B698 /* Debug */,
				1CB0B2731F347FE000A4B698 /* Release */,
			);
			defaultConfigurationIsVisible = 0;
			defaultConfigurationName = Release;
		};
/* End XCConfigurationList section */
	};
	rootObject = 1CB0B2571F347FE000A4B698 /* Project object */;
}
